PODS:
  - ESPullToRefresh (2.2)
  - GoogleAPIClientForREST/Core (1.1.1):
    - GTMSessionFetcher (>= 1.1.7)
  - GoogleAPIClientForREST/Sheets (1.1.1):
    - GoogleAPIClientForREST/Core
    - GTMSessionFetcher (>= 1.1.7)
  - GTMSessionFetcher (1.1.7):
    - GTMSessionFetcher/Full (= 1.1.7)
  - GTMSessionFetcher/Core (1.1.7)
  - GTMSessionFetcher/Full (1.1.7):
    - GTMSessionFetcher/Core (= 1.1.7)
  - SVWebViewController (1.0)

DEPENDENCIES:
  - ESPullToRefresh
  - GoogleAPIClientForREST/Sheets (~> 1.1.1)
  - SVWebViewController (from `https://github.com/TransitApp/SVWebViewController.git`)

EXTERNAL SOURCES:
  SVWebViewController:
    :git: https://github.com/TransitApp/SVWebViewController.git

CHECKOUT OPTIONS:
  SVWebViewController:
    :commit: 9abad6b852b6c2ad19bb3c28532cce53719e2a7f
    :git: https://github.com/TransitApp/SVWebViewController.git

SPEC CHECKSUMS:
  ESPullToRefresh: 67aaf0c5cfc6c3b0396c3d4fa039078c878725d0
  GoogleAPIClientForREST: f272e35f7fe9f80ab232756c798adc32245ece8c
  GTMSessionFetcher: a1f8ed39e4fe21c68957daed472c7afbcdf29166
  SVWebViewController: aa2e18a41ff5f45be7aeec8e92ca5bcc50b5ebb1

PODFILE CHECKSUM: 9617066ec87c2a1c86d8e7a83605307f2d5f94b4

COCOAPODS: 1.1.1
