// !$*UTF8*$!
{
	archiveVersion = 1;
	classes = {
	};
	objectVersion = 46;
	objects = {

/* Begin PBXBuildFile section */
		1F6ED5D41DCEDBCB0051DBB9 /* AppDelegate.swift in Sources */ = {isa = PBXBuildFile; fileRef = 1F6ED5D31DCEDBCB0051DBB9 /* AppDelegate.swift */; };
		1F6ED5D61DCEDBCB0051DBB9 /* ViewController.swift in Sources */ = {isa = PBXBuildFile; fileRef = 1F6ED5D51DCEDBCB0051DBB9 /* ViewController.swift */; };
		1F6ED5D91DCEDBCB0051DBB9 /* Main.storyboard in Resources */ = {isa = PBXBuildFile; fileRef = 1F6ED5D71DCEDBCB0051DBB9 /* Main.storyboard */; };
		1F6ED5DB1DCEDBCB0051DBB9 /* Assets.xcassets in Resources */ = {isa = PBXBuildFile; fileRef = 1F6ED5DA1DCEDBCB0051DBB9 /* Assets.xcassets */; };
		1F6ED5DE1DCEDBCB0051DBB9 /* LaunchScreen.storyboard in Resources */ = {isa = PBXBuildFile; fileRef = 1F6ED5DC1DCEDBCB0051DBB9 /* LaunchScreen.storyboard */; };
/* End PBXBuildFile section */

/* Begin PBXFileReference section */
		1F6ED5D01DCEDBCB0051DBB9 /* Slug_Route.app */ = {isa = PBXFileReference; explicitFileType = wrapper.application; includeInIndex = 0; path = Slug_Route.app; sourceTree = BUILT_PRODUCTS_DIR; };
		1F6ED5D31DCEDBCB0051DBB9 /* AppDelegate.swift */ = {isa = PBXFileReference; lastKnownFileType = sourcecode.swift; path = AppDelegate.swift; sourceTree = "<group>"; };
		1F6ED5D51DCEDBCB0051DBB9 /* ViewController.swift */ = {isa = PBXFileReference; lastKnownFileType = sourcecode.swift; path = ViewController.swift; sourceTree = "<group>"; };
		1F6ED5D81DCEDBCB0051DBB9 /* Base */ = {isa = PBXFileReference; lastKnownFileType = file.storyboard; name = Base; path = Base.lproj/Main.storyboard; sourceTree = "<group>"; };
		1F6ED5DA1DCEDBCB0051DBB9 /* Assets.xcassets */ = {isa = PBXFileReference; lastKnownFileType = folder.assetcatalog; path = Assets.xcassets; sourceTree = "<group>"; };
		1F6ED5DD1DCEDBCB0051DBB9 /* Base */ = {isa = PBXFileReference; lastKnownFileType = file.storyboard; name = Base; path = Base.lproj/LaunchScreen.storyboard; sourceTree = "<group>"; };
		1F6ED5DF1DCEDBCB0051DBB9 /* Info.plist */ = {isa = PBXFileReference; lastKnownFileType = text.plist.xml; path = Info.plist; sourceTree = "<group>"; };
/* End PBXFileReference section */

/* Begin PBXFrameworksBuildPhase section */
		1F6ED5CD1DCEDBCB0051DBB9 /* Frameworks */ = {
			isa = PBXFrameworksBuildPhase;
			buildActionMask = 2147483647;
			files = (
			);
			runOnlyForDeploymentPostprocessing = 0;
		};
/* End PBXFrameworksBuildPhase section */

/* Begin PBXGroup section */
		1F6ED5C71DCEDBCA0051DBB9 = {
			isa = PBXGroup;
			children = (
				1F6ED5D21DCEDBCB0051DBB9 /* Slug_Route */,
				1F6ED5D11DCEDBCB0051DBB9 /* Products */,
			);
			sourceTree = "<group>";
		};
		1F6ED5D11DCEDBCB0051DBB9 /* Products */ = {
			isa = PBXGroup;
			children = (
				1F6ED5D01DCEDBCB0051DBB9 /* Slug_Route.app */,
			);
			name = Products;
			sourceTree = "<group>";
		};
		1F6ED5D21DCEDBCB0051DBB9 /* Slug_Route */ = {
			isa = PBXGroup;
			children = (
				1F6ED5D31DCEDBCB0051DBB9 /* AppDelegate.swift */,
				1F6ED5D51DCEDBCB0051DBB9 /* ViewController.swift */,
				1F6ED5D71DCEDBCB0051DBB9 /* Main.storyboard */,
				1F6ED5DA1DCEDBCB0051DBB9 /* Assets.xcassets */,
				1F6ED5DC1DCEDBCB0051DBB9 /* LaunchScreen.storyboard */,
				1F6ED5DF1DCEDBCB0051DBB9 /* Info.plist */,
			);
			path = Slug_Route;
			sourceTree = "<group>";
		};
/* End PBXGroup section */

/* Begin PBXNativeTarget section */
		1F6ED5CF1DCEDBCB0051DBB9 /* Slug_Route */ = {
			isa = PBXNativeTarget;
			buildConfigurationList = 1F6ED5E21DCEDBCB0051DBB9 /* Build configuration list for PBXNativeTarget "Slug_Route" */;
			buildPhases = (
				1F6ED5CC1DCEDBCB0051DBB9 /* Sources */,
				1F6ED5CD1DCEDBCB0051DBB9 /* Frameworks */,
				1F6ED5CE1DCEDBCB0051DBB9 /* Resources */,
			);
			buildRules = (
			);
			dependencies = (
			);
			name = Slug_Route;
			productName = Slug_Route;
			productReference = 1F6ED5D01DCEDBCB0051DBB9 /* Slug_Route.app */;
			productType = "com.apple.product-type.application";
		};
/* End PBXNativeTarget section */

/* Begin PBXProject section */
		1F6ED5C81DCEDBCA0051DBB9 /* Project object */ = {
			isa = PBXProject;
			attributes = {
				LastSwiftUpdateCheck = 0810;
				LastUpgradeCheck = 0810;
				ORGANIZATIONNAME = Jeff;
				TargetAttributes = {
					1F6ED5CF1DCEDBCB0051DBB9 = {
						CreatedOnToolsVersion = 8.1;
						DevelopmentTeam = LE6WUG6275;
						ProvisioningStyle = Automatic;
					};
				};
			};
			buildConfigurationList = 1F6ED5CB1DCEDBCA0051DBB9 /* Build configuration list for PBXProject "Slug_Route" */;
			compatibilityVersion = "Xcode 3.2";
			developmentRegion = English;
			hasScannedForEncodings = 0;
			knownRegions = (
				en,
				Base,
			);
			mainGroup = 1F6ED5C71DCEDBCA0051DBB9;
			productRefGroup = 1F6ED5D11DCEDBCB0051DBB9 /* Products */;
			projectDirPath = "";
			projectRoot = "";
			targets = (
				1F6ED5CF1DCEDBCB0051DBB9 /* Slug_Route */,
			);
		};
/* End PBXProject section */

/* Begin PBXResourcesBuildPhase section */
		1F6ED5CE1DCEDBCB0051DBB9 /* Resources */ = {
			isa = PBXResourcesBuildPhase;
			buildActionMask = 2147483647;
			files = (
				1F6ED5DE1DCEDBCB0051DBB9 /* LaunchScreen.storyboard in Resources */,
				1F6ED5DB1DCEDBCB0051DBB9 /* Assets.xcassets in Resources */,
				1F6ED5D91DCEDBCB0051DBB9 /* Main.storyboard in Resources */,
			);
			runOnlyForDeploymentPostprocessing = 0;
		};
/* End PBXResourcesBuildPhase section */

/* Begin PBXSourcesBuildPhase section */
		1F6ED5CC1DCEDBCB0051DBB9 /* Sources */ = {
			isa = PBXSourcesBuildPhase;
			buildActionMask = 2147483647;
			files = (
				1F6ED5D61DCEDBCB0051DBB9 /* ViewController.swift in Sources */,
				1F6ED5D41DCEDBCB0051DBB9 /* AppDelegate.swift in Sources */,
			);
			runOnlyForDeploymentPostprocessing = 0;
		};
/* End PBXSourcesBuildPhase section */

/* Begin PBXVariantGroup section */
		1F6ED5D71DCEDBCB0051DBB9 /* Main.storyboard */ = {
			isa = PBXVariantGroup;
			children = (
				1F6ED5D81DCEDBCB0051DBB9 /* Base */,
			);
			name = Main.storyboard;
			sourceTree = "<group>";
		};
		1F6ED5DC1DCEDBCB0051DBB9 /* LaunchScreen.storyboard */ = {
			isa = PBXVariantGroup;
			children = (
				1F6ED5DD1DCEDBCB0051DBB9 /* Base */,
			);
			name = LaunchScreen.storyboard;
			sourceTree = "<group>";
		};
/* End PBXVariantGroup section */

/* Begin XCBuildConfiguration section */
		1F6ED5E01DCEDBCB0051DBB9 /* Debug */ = {
			isa = XCBuildConfiguration;
			buildSettings = {
				ALWAYS_SEARCH_USER_PATHS = NO;
				CLANG_ANALYZER_NONNULL = YES;
				CLANG_CXX_LANGUAGE_STANDARD = "gnu++0x";
				CLANG_CXX_LIBRARY = "libc++";
				CLANG_ENABLE_MODULES = YES;
				CLANG_ENABLE_OBJC_ARC = YES;
				CLANG_WARN_BOOL_CONVERSION = YES;
				CLANG_WARN_CONSTANT_CONVERSION = YES;
				CLANG_WARN_DIRECT_OBJC_ISA_USAGE = YES_ERROR;
				CLANG_WARN_DOCUMENTATION_COMMENTS = YES;
				CLANG_WARN_EMPTY_BODY = YES;
				CLANG_WARN_ENUM_CONVERSION = YES;
				CLANG_WARN_INFINITE_RECURSION = YES;
				CLANG_WARN_INT_CONVERSION = YES;
				CLANG_WARN_OBJC_ROOT_CLASS = YES_ERROR;
				CLANG_WARN_SUSPICIOUS_MOVES = YES;
				CLANG_WARN_UNREACHABLE_CODE = YES;
				CLANG_WARN__DUPLICATE_METHOD_MATCH = YES;
				"CODE_SIGN_IDENTITY[sdk=iphoneos*]" = "iPhone Developer";
				COPY_PHASE_STRIP = NO;
				DEBUG_INFORMATION_FORMAT = dwarf;
				ENABLE_STRICT_OBJC_MSGSEND = YES;
				ENABLE_TESTABILITY = YES;
				GCC_C_LANGUAGE_STANDARD = gnu99;
				GCC_DYNAMIC_NO_PIC = NO;
				GCC_NO_COMMON_BLOCKS = YES;
				GCC_OPTIMIZATION_LEVEL = 0;
				GCC_PREPROCESSOR_DEFINITIONS = (
					"DEBUG=1",
					"$(inherited)",
				);
				GCC_WARN_64_TO_32_BIT_CONVERSION = YES;
				GCC_WARN_ABOUT_RETURN_TYPE = YES_ERROR;
				GCC_WARN_UNDECLARED_SELECTOR = YES;
				GCC_WARN_UNINITIALIZED_AUTOS = YES_AGGRESSIVE;
				GCC_WARN_UNUSED_FUNCTION = YES;
				GCC_WARN_UNUSED_VARIABLE = YES;
				IPHONEOS_DEPLOYMENT_TARGET = 10.1;
				MTL_ENABLE_DEBUG_INFO = YES;
				ONLY_ACTIVE_ARCH = YES;
				SDKROOT = iphoneos;
				SWIFT_ACTIVE_COMPILATION_CONDITIONS = DEBUG;
				SWIFT_OPTIMIZATION_LEVEL = "-Onone";
			};
			name = Debug;
		};
		1F6ED5E11DCEDBCB0051DBB9 /* Release */ = {
			isa = XCBuildConfiguration;
			buildSettings = {
				ALWAYS_SEARCH_USER_PATHS = NO;
				CLANG_ANALYZER_NONNULL = YES;
				CLANG_CXX_LANGUAGE_STANDARD = "gnu++0x";
				CLANG_CXX_LIBRARY = "libc++";
				CLANG_ENABLE_MODULES = YES;
				CLANG_ENABLE_OBJC_ARC = YES;
				CLANG_WARN_BOOL_CONVERSION = YES;
				CLANG_WARN_CONSTANT_CONVERSION = YES;
				CLANG_WARN_DIRECT_OBJC_ISA_USAGE = YES_ERROR;
				CLANG_WARN_DOCUMENTATION_COMMENTS = YES;
				CLANG_WARN_EMPTY_BODY = YES;
				CLANG_WARN_ENUM_CONVERSION = YES;
				CLANG_WARN_INFINITE_RECURSION = YES;
				CLANG_WARN_INT_CONVERSION = YES;
				CLANG_WARN_OBJC_ROOT_CLASS = YES_ERROR;
				CLANG_WARN_SUSPICIOUS_MOVES = YES;
				CLANG_WARN_UNREACHABLE_CODE = YES;
				CLANG_WARN__DUPLICATE_METHOD_MATCH = YES;
				"CODE_SIGN_IDENTITY[sdk=iphoneos*]" = "iPhone Developer";
				COPY_PHASE_STRIP = NO;
				DEBUG_INFORMATION_FORMAT = "dwarf-with-dsym";
				ENABLE_NS_ASSERTIONS = NO;
				ENABLE_STRICT_OBJC_MSGSEND = YES;
				GCC_C_LANGUAGE_STANDARD = gnu99;
				GCC_NO_COMMON_BLOCKS = YES;
				GCC_WARN_64_TO_32_BIT_CONVERSION = YES;
				GCC_WARN_ABOUT_RETURN_TYPE = YES_ERROR;
				GCC_WARN_UNDECLARED_SELECTOR = YES;
				GCC_WARN_UNINITIALIZED_AUTOS = YES_AGGRESSIVE;
				GCC_WARN_UNUSED_FUNCTION = YES;
				GCC_WARN_UNUSED_VARIABLE = YES;
				IPHONEOS_DEPLOYMENT_TARGET = 10.1;
				MTL_ENABLE_DEBUG_INFO = NO;
				SDKROOT = iphoneos;
				SWIFT_OPTIMIZATION_LEVEL = "-Owholemodule";
				VALIDATE_PRODUCT = YES;
			};
			name = Release;
		};
		1F6ED5E31DCEDBCB0051DBB9 /* Debug */ = {
			isa = XCBuildConfiguration;
			buildSettings = {
				ASSETCATALOG_COMPILER_APPICON_NAME = AppIcon;
				DEVELOPMENT_TEAM = LE6WUG6275;
				INFOPLIST_FILE = Slug_Route/Info.plist;
				LD_RUNPATH_SEARCH_PATHS = "$(inherited) @executable_path/Frameworks";
				PRODUCT_BUNDLE_IDENTIFIER = "com.Jeff.G2017.Slug-Route";
				PRODUCT_NAME = "$(TARGET_NAME)";
				SWIFT_VERSION = 3.0;
			};
			name = Debug;
		};
		1F6ED5E41DCEDBCB0051DBB9 /* Release */ = {
			isa = XCBuildConfiguration;
			buildSettings = {
				ASSETCATALOG_COMPILER_APPICON_NAME = AppIcon;
				DEVELOPMENT_TEAM = LE6WUG6275;
				INFOPLIST_FILE = Slug_Route/Info.plist;
				LD_RUNPATH_SEARCH_PATHS = "$(inherited) @executable_path/Frameworks";
				PRODUCT_BUNDLE_IDENTIFIER = "com.Jeff.G2017.Slug-Route";
				PRODUCT_NAME = "$(TARGET_NAME)";
				SWIFT_VERSION = 3.0;
			};
			name = Release;
		};
/* End XCBuildConfiguration section */

/* Begin XCConfigurationList section */
		1F6ED5CB1DCEDBCA0051DBB9 /* Build configuration list for PBXProject "Slug_Route" */ = {
			isa = XCConfigurationList;
			buildConfigurations = (
				1F6ED5E01DCEDBCB0051DBB9 /* Debug */,
				1F6ED5E11DCEDBCB0051DBB9 /* Release */,
			);
			defaultConfigurationIsVisible = 0;
			defaultConfigurationName = Release;
		};
		1F6ED5E21DCEDBCB0051DBB9 /* Build configuration list for PBXNativeTarget "Slug_Route" */ = {
			isa = XCConfigurationList;
			buildConfigurations = (
				1F6ED5E31DCEDBCB0051DBB9 /* Debug */,
				1F6ED5E41DCEDBCB0051DBB9 /* Release */,
			);
			defaultConfigurationIsVisible = 0;
		};
/* End XCConfigurationList section */
	};
	rootObject = 1F6ED5C81DCEDBCA0051DBB9 /* Project object */;
}
